
Microsoft Visual Studio Solution File, Format Version 12.00
# Visual Studio 2013
VisualStudioVersion = 12.0.21005.1
MinimumVisualStudioVersion = 10.0.40219.1
Project("{FAE04EC0-301F-11D3-BF4B-00C04F79EFBC}") = "Capa_Datos", "Capa Datos\Capa_Datos.csproj", "{E2ABA042-31BC-415B-8421-BAD55D0DC50A}"
EndProject
Project("{FAE04EC0-301F-11D3-BF4B-00C04F79EFBC}") = "Capa_Negocio", "Capa Negocio\Capa_Negocio.csproj", "{37561C29-7054-4ED4-82AC-34417615B1BD}"
EndProject
Project("{FAE04EC0-301F-11D3-BF4B-00C04F79EFBC}") = "Mantenimientos", "Mantenimientos\Mantenimientos.csproj", "{FAAC7649-8CDC-4CC5-9001-2661AA050EEC}"
EndProject
Global
	GlobalSection(SolutionConfigurationPlatforms) = preSolution
		Debug|Any CPU = Debug|Any CPU
		Release|Any CPU = Release|Any CPU
	EndGlobalSection
	GlobalSection(ProjectConfigurationPlatforms) = postSolution
		{E2ABA042-31BC-415B-8421-BAD55D0DC50A}.Debug|Any CPU.ActiveCfg = Debug|Any CPU
		{E2ABA042-31BC-415B-8421-BAD55D0DC50A}.Debug|Any CPU.Build.0 = Debug|Any CPU
		{E2ABA042-31BC-415B-8421-BAD55D0DC50A}.Release|Any CPU.ActiveCfg = Release|Any CPU
		{E2ABA042-31BC-415B-8421-BAD55D0DC50A}.Release|Any CPU.Build.0 = Release|Any CPU
		{37561C29-7054-4ED4-82AC-34417615B1BD}.Debug|Any CPU.ActiveCfg = Debug|Any CPU
		{37561C29-7054-4ED4-82AC-34417615B1BD}.Debug|Any CPU.Build.0 = Debug|Any CPU
		{37561C29-7054-4ED4-82AC-34417615B1BD}.Release|Any CPU.ActiveCfg = Release|Any CPU
		{37561C29-7054-4ED4-82AC-34417615B1BD}.Release|Any CPU.Build.0 = Release|Any CPU
		{FAAC7649-8CDC-4CC5-9001-2661AA050EEC}.Debug|Any CPU.ActiveCfg = Debug|Any CPU
		{FAAC7649-8CDC-4CC5-9001-2661AA050EEC}.Debug|Any CPU.Build.0 = Debug|Any CPU
		{FAAC7649-8CDC-4CC5-9001-2661AA050EEC}.Release|Any CPU.ActiveCfg = Release|Any CPU
		{FAAC7649-8CDC-4CC5-9001-2661AA050EEC}.Release|Any CPU.Build.0 = Release|Any CPU
	EndGlobalSection
	GlobalSection(SolutionProperties) = preSolution
		HideSolutionNode = FALSE
	EndGlobalSection
EndGlobal
